
Microsoft Visual Studio Solution File, Format Version 12.00
# Visual Studio Version 17
VisualStudioVersion = 17.0.32112.339
MinimumVisualStudioVersion = 10.0.40219.1
Project("{8BC9CEB8-8B4A-11D0-8D11-00A0C91BC942}") = "NeuralNetwork", "NeuralNetwork\NeuralNetwork.vcxproj", "{9DA74A6B-D190-4359-B5BB-C289D87B9026}"
EndProject
Project("{8BC9CEB8-8B4A-11D0-8D11-00A0C91BC942}") = "NeuralNetDLL", "NeuralNetDLL\NeuralNetDLL.vcxproj", "{65DBF5E4-DEAA-4FDC-BBF6-5DDBB06CA973}"
EndProject
Project("{888888A0-9F3D-457C-B088-3A5042F75D52}") = "NeuralNetDLLExample", "NeuralNetDLLExample\NeuralNetDLLExample.pyproj", "{8D3C6916-6FEC-45B1-B0CB-DC9904FC4187}"
EndProject
Project("{888888A0-9F3D-457C-B088-3A5042F75D52}") = "DataGrapher", "DataGrapher\DataGrapher.pyproj", "{B5E94D9F-2210-4EC5-94D0-22824D3555C1}"
EndProject
Project("{8BC9CEB8-8B4A-11D0-8D11-00A0C91BC942}") = "SpikingNetwork", "SpikingNetwork\SpikingNetwork.vcxproj", "{77115342-EFCA-4024-800D-7BC677F54AE5}"
EndProject
Global
	GlobalSection(SolutionConfigurationPlatforms) = preSolution
		Debug|Any CPU = Debug|Any CPU
		Debug|x64 = Debug|x64
		Debug|x86 = Debug|x86
		Release|Any CPU = Release|Any CPU
		Release|x64 = Release|x64
		Release|x86 = Release|x86
	EndGlobalSection
	GlobalSection(ProjectConfigurationPlatforms) = postSolution
		{9DA74A6B-D190-4359-B5BB-C289D87B9026}.Debug|Any CPU.ActiveCfg = Debug|x64
		{9DA74A6B-D190-4359-B5BB-C289D87B9026}.Debug|Any CPU.Build.0 = Debug|x64
		{9DA74A6B-D190-4359-B5BB-C289D87B9026}.Debug|x64.ActiveCfg = Debug|x64
		{9DA74A6B-D190-4359-B5BB-C289D87B9026}.Debug|x64.Build.0 = Debug|x64
		{9DA74A6B-D190-4359-B5BB-C289D87B9026}.Debug|x86.ActiveCfg = Debug|Win32
		{9DA74A6B-D190-4359-B5BB-C289D87B9026}.Debug|x86.Build.0 = Debug|Win32
		{9DA74A6B-D190-4359-B5BB-C289D87B9026}.Release|Any CPU.ActiveCfg = Release|x64
		{9DA74A6B-D190-4359-B5BB-C289D87B9026}.Release|Any CPU.Build.0 = Release|x64
		{9DA74A6B-D190-4359-B5BB-C289D87B9026}.Release|x64.ActiveCfg = Release|x64
		{9DA74A6B-D190-4359-B5BB-C289D87B9026}.Release|x64.Build.0 = Release|x64
		{9DA74A6B-D190-4359-B5BB-C289D87B9026}.Release|x86.ActiveCfg = Release|Win32
		{9DA74A6B-D190-4359-B5BB-C289D87B9026}.Release|x86.Build.0 = Release|Win32
		{65DBF5E4-DEAA-4FDC-BBF6-5DDBB06CA973}.Debug|Any CPU.ActiveCfg = Debug|x64
		{65DBF5E4-DEAA-4FDC-BBF6-5DDBB06CA973}.Debug|Any CPU.Build.0 = Debug|x64
		{65DBF5E4-DEAA-4FDC-BBF6-5DDBB06CA973}.Debug|x64.ActiveCfg = Debug|x64
		{65DBF5E4-DEAA-4FDC-BBF6-5DDBB06CA973}.Debug|x64.Build.0 = Debug|x64
		{65DBF5E4-DEAA-4FDC-BBF6-5DDBB06CA973}.Debug|x86.ActiveCfg = Debug|Win32
		{65DBF5E4-DEAA-4FDC-BBF6-5DDBB06CA973}.Debug|x86.Build.0 = Debug|Win32
		{65DBF5E4-DEAA-4FDC-BBF6-5DDBB06CA973}.Release|Any CPU.ActiveCfg = Release|x64
		{65DBF5E4-DEAA-4FDC-BBF6-5DDBB06CA973}.Release|Any CPU.Build.0 = Release|x64
		{65DBF5E4-DEAA-4FDC-BBF6-5DDBB06CA973}.Release|x64.ActiveCfg = Release|x64
		{65DBF5E4-DEAA-4FDC-BBF6-5DDBB06CA973}.Release|x64.Build.0 = Release|x64
		{65DBF5E4-DEAA-4FDC-BBF6-5DDBB06CA973}.Release|x86.ActiveCfg = Release|Win32
		{65DBF5E4-DEAA-4FDC-BBF6-5DDBB06CA973}.Release|x86.Build.0 = Release|Win32
		{8D3C6916-6FEC-45B1-B0CB-DC9904FC4187}.Debug|Any CPU.ActiveCfg = Debug|Any CPU
		{8D3C6916-6FEC-45B1-B0CB-DC9904FC4187}.Debug|x64.ActiveCfg = Debug|Any CPU
		{8D3C6916-6FEC-45B1-B0CB-DC9904FC4187}.Debug|x86.ActiveCfg = Debug|Any CPU
		{8D3C6916-6FEC-45B1-B0CB-DC9904FC4187}.Release|Any CPU.ActiveCfg = Release|Any CPU
		{8D3C6916-6FEC-45B1-B0CB-DC9904FC4187}.Release|x64.ActiveCfg = Release|Any CPU
		{8D3C6916-6FEC-45B1-B0CB-DC9904FC4187}.Release|x86.ActiveCfg = Release|Any CPU
		{B5E94D9F-2210-4EC5-94D0-22824D3555C1}.Debug|Any CPU.ActiveCfg = Debug|Any CPU
		{B5E94D9F-2210-4EC5-94D0-22824D3555C1}.Debug|x64.ActiveCfg = Debug|Any CPU
		{B5E94D9F-2210-4EC5-94D0-22824D3555C1}.Debug|x86.ActiveCfg = Debug|Any CPU
		{B5E94D9F-2210-4EC5-94D0-22824D3555C1}.Release|Any CPU.ActiveCfg = Release|Any CPU
		{B5E94D9F-2210-4EC5-94D0-22824D3555C1}.Release|x64.ActiveCfg = Release|Any CPU
		{B5E94D9F-2210-4EC5-94D0-22824D3555C1}.Release|x86.ActiveCfg = Release|Any CPU
		{77115342-EFCA-4024-800D-7BC677F54AE5}.Debug|Any CPU.ActiveCfg = Debug|x64
		{77115342-EFCA-4024-800D-7BC677F54AE5}.Debug|Any CPU.Build.0 = Debug|x64
		{77115342-EFCA-4024-800D-7BC677F54AE5}.Debug|x64.ActiveCfg = Debug|x64
		{77115342-EFCA-4024-800D-7BC677F54AE5}.Debug|x64.Build.0 = Debug|x64
		{77115342-EFCA-4024-800D-7BC677F54AE5}.Debug|x86.ActiveCfg = Debug|Win32
		{77115342-EFCA-4024-800D-7BC677F54AE5}.Debug|x86.Build.0 = Debug|Win32
		{77115342-EFCA-4024-800D-7BC677F54AE5}.Release|Any CPU.ActiveCfg = Release|x64
		{77115342-EFCA-4024-800D-7BC677F54AE5}.Release|Any CPU.Build.0 = Release|x64
		{77115342-EFCA-4024-800D-7BC677F54AE5}.Release|x64.ActiveCfg = Release|x64
		{77115342-EFCA-4024-800D-7BC677F54AE5}.Release|x64.Build.0 = Release|x64
		{77115342-EFCA-4024-800D-7BC677F54AE5}.Release|x86.ActiveCfg = Release|Win32
		{77115342-EFCA-4024-800D-7BC677F54AE5}.Release|x86.Build.0 = Release|Win32
	EndGlobalSection
	GlobalSection(SolutionProperties) = preSolution
		HideSolutionNode = FALSE
	EndGlobalSection
	GlobalSection(ExtensibilityGlobals) = postSolution
		SolutionGuid = {9ACD0541-3D73-4C09-B43C-B09F5AE89A70}
	EndGlobalSection
EndGlobal
